
Microsoft Visual Studio Solution File, Format Version 12.00
# Visual Studio Version 17
VisualStudioVersion = 17.10.34916.146
MinimumVisualStudioVersion = 10.0.40219.1
Project("{FAE04EC0-301F-11D3-BF4B-00C04F79EFBC}") = "ECommerceWebApi", "ECommerceWebApi\ECommerceWebApi.csproj", "{B680911B-AC19-4723-89A3-DAE4E5582766}"
EndProject
Global
	GlobalSection(SolutionConfigurationPlatforms) = preSolution
		Debug|Any CPU = Debug|Any CPU
		Release|Any CPU = Release|Any CPU
	EndGlobalSection
	GlobalSection(ProjectConfigurationPlatforms) = postSolution
		{B680911B-AC19-4723-89A3-DAE4E5582766}.Debug|Any CPU.ActiveCfg = Debug|Any CPU
		{B680911B-AC19-4723-89A3-DAE4E5582766}.Debug|Any CPU.Build.0 = Debug|Any CPU
		{B680911B-AC19-4723-89A3-DAE4E5582766}.Release|Any CPU.ActiveCfg = Release|Any CPU
		{B680911B-AC19-4723-89A3-DAE4E5582766}.Release|Any CPU.Build.0 = Release|Any CPU
	EndGlobalSection
	GlobalSection(SolutionProperties) = preSolution
		HideSolutionNode = FALSE
	EndGlobalSection
	GlobalSection(ExtensibilityGlobals) = postSolution
		SolutionGuid = {5C05959D-A141-4809-BBA9-5737298F71C2}
	EndGlobalSection
EndGlobal
